
Microsoft Visual Studio Solution File, Format Version 12.00
# Visual Studio 14
VisualStudioVersion = 14.0.25123.0
MinimumVisualStudioVersion = 10.0.40219.1
Project("{FAE04EC0-301F-11D3-BF4B-00C04F79EFBC}") = "CarFinanceCalculator.Domain", "CarFinanceCalculator.Domain\CarFinanceCalculator.Domain.csproj", "{954EEF19-F14C-4F16-B47E-69124AB4AEDF}"
EndProject
Project("{FAE04EC0-301F-11D3-BF4B-00C04F79EFBC}") = "CarFinanceCalculator.Domain.Tests", "CarFinanceCalculator.Domain.Tests\CarFinanceCalculator.Domain.Tests.csproj", "{A8AE3AB6-8140-4887-943D-68F92CB5FEBA}"
EndProject
Project("{FAE04EC0-301F-11D3-BF4B-00C04F79EFBC}") = "CarFinanceCalculator.Wpf", "CarFinanceCalculator.Wpf\CarFinanceCalculator.Wpf.csproj", "{43819EF3-14E4-47FB-B220-960624EA9630}"
EndProject
Project("{FAE04EC0-301F-11D3-BF4B-00C04F79EFBC}") = "CarFinanceCalculator.Forms", "CarFinanceCalculator.Forms\CarFinanceCalculator.Forms.csproj", "{3AE545F1-6F09-4442-804A-67923AF3834F}"
EndProject
Global
	GlobalSection(SolutionConfigurationPlatforms) = preSolution
		Debug|Any CPU = Debug|Any CPU
		Release|Any CPU = Release|Any CPU
	EndGlobalSection
	GlobalSection(ProjectConfigurationPlatforms) = postSolution
		{954EEF19-F14C-4F16-B47E-69124AB4AEDF}.Debug|Any CPU.ActiveCfg = Debug|Any CPU
		{954EEF19-F14C-4F16-B47E-69124AB4AEDF}.Debug|Any CPU.Build.0 = Debug|Any CPU
		{954EEF19-F14C-4F16-B47E-69124AB4AEDF}.Release|Any CPU.ActiveCfg = Release|Any CPU
		{954EEF19-F14C-4F16-B47E-69124AB4AEDF}.Release|Any CPU.Build.0 = Release|Any CPU
		{A8AE3AB6-8140-4887-943D-68F92CB5FEBA}.Debug|Any CPU.ActiveCfg = Debug|Any CPU
		{A8AE3AB6-8140-4887-943D-68F92CB5FEBA}.Debug|Any CPU.Build.0 = Debug|Any CPU
		{A8AE3AB6-8140-4887-943D-68F92CB5FEBA}.Release|Any CPU.ActiveCfg = Release|Any CPU
		{A8AE3AB6-8140-4887-943D-68F92CB5FEBA}.Release|Any CPU.Build.0 = Release|Any CPU
		{43819EF3-14E4-47FB-B220-960624EA9630}.Debug|Any CPU.ActiveCfg = Debug|Any CPU
		{43819EF3-14E4-47FB-B220-960624EA9630}.Debug|Any CPU.Build.0 = Debug|Any CPU
		{43819EF3-14E4-47FB-B220-960624EA9630}.Release|Any CPU.ActiveCfg = Release|Any CPU
		{43819EF3-14E4-47FB-B220-960624EA9630}.Release|Any CPU.Build.0 = Release|Any CPU
		{3AE545F1-6F09-4442-804A-67923AF3834F}.Debug|Any CPU.ActiveCfg = Debug|Any CPU
		{3AE545F1-6F09-4442-804A-67923AF3834F}.Debug|Any CPU.Build.0 = Debug|Any CPU
		{3AE545F1-6F09-4442-804A-67923AF3834F}.Release|Any CPU.ActiveCfg = Release|Any CPU
		{3AE545F1-6F09-4442-804A-67923AF3834F}.Release|Any CPU.Build.0 = Release|Any CPU
	EndGlobalSection
	GlobalSection(SolutionProperties) = preSolution
		HideSolutionNode = FALSE
	EndGlobalSection
EndGlobal
